
Microsoft Visual Studio Solution File, Format Version 12.00
# Visual Studio 15
VisualStudioVersion = 15.0.26730.16
MinimumVisualStudioVersion = 10.0.40219.1
Project("{FAE04EC0-301F-11D3-BF4B-00C04F79EFBC}") = "SportsStore.Domain", "SportsStore.Domain\SportsStore.Domain.csproj", "{D5337AAE-9482-49DF-8D58-9E9144530F97}"
EndProject
Project("{FAE04EC0-301F-11D3-BF4B-00C04F79EFBC}") = "SportsStore.UnitTests", "SportsStore.UnitTests\SportsStore.UnitTests.csproj", "{4A9A34DE-5E15-4849-A4DF-FCA9CA9A810B}"
EndProject
Project("{FAE04EC0-301F-11D3-BF4B-00C04F79EFBC}") = "SportsStore.WebUI", "SportsStore.WebUI\SportsStore.WebUI.csproj", "{7EFF8F15-116C-4016-9116-6FF73AD95599}"
EndProject
Global
	GlobalSection(SolutionConfigurationPlatforms) = preSolution
		Debug|Any CPU = Debug|Any CPU
		Release|Any CPU = Release|Any CPU
	EndGlobalSection
	GlobalSection(ProjectConfigurationPlatforms) = postSolution
		{D5337AAE-9482-49DF-8D58-9E9144530F97}.Debug|Any CPU.ActiveCfg = Debug|Any CPU
		{D5337AAE-9482-49DF-8D58-9E9144530F97}.Debug|Any CPU.Build.0 = Debug|Any CPU
		{D5337AAE-9482-49DF-8D58-9E9144530F97}.Release|Any CPU.ActiveCfg = Release|Any CPU
		{D5337AAE-9482-49DF-8D58-9E9144530F97}.Release|Any CPU.Build.0 = Release|Any CPU
		{4A9A34DE-5E15-4849-A4DF-FCA9CA9A810B}.Debug|Any CPU.ActiveCfg = Debug|Any CPU
		{4A9A34DE-5E15-4849-A4DF-FCA9CA9A810B}.Debug|Any CPU.Build.0 = Debug|Any CPU
		{4A9A34DE-5E15-4849-A4DF-FCA9CA9A810B}.Release|Any CPU.ActiveCfg = Release|Any CPU
		{4A9A34DE-5E15-4849-A4DF-FCA9CA9A810B}.Release|Any CPU.Build.0 = Release|Any CPU
		{7EFF8F15-116C-4016-9116-6FF73AD95599}.Debug|Any CPU.ActiveCfg = Debug|Any CPU
		{7EFF8F15-116C-4016-9116-6FF73AD95599}.Debug|Any CPU.Build.0 = Debug|Any CPU
		{7EFF8F15-116C-4016-9116-6FF73AD95599}.Release|Any CPU.ActiveCfg = Release|Any CPU
		{7EFF8F15-116C-4016-9116-6FF73AD95599}.Release|Any CPU.Build.0 = Release|Any CPU
	EndGlobalSection
	GlobalSection(SolutionProperties) = preSolution
		HideSolutionNode = FALSE
	EndGlobalSection
	GlobalSection(ExtensibilityGlobals) = postSolution
		SolutionGuid = {5B6F35EB-3A52-4C4E-9BA0-34DF01F260DC}
	EndGlobalSection
EndGlobal
